
Microsoft Visual Studio Solution File, Format Version 12.00
# Visual Studio 16
Project("{FAE04EC0-301F-11D3-BF4B-00C04F79EFBC}") = "Assembly-CSharp", "Assembly-CSharp.csproj", "{0825E03C-C3B9-EE16-62B2-28B1BBEDDBAA}"
EndProject
Project("{FAE04EC0-301F-11D3-BF4B-00C04F79EFBC}") = "Oculus.VR", "Oculus.VR.csproj", "{A5527C47-87CC-A767-FE4D-91B18BDDC5C6}"
EndProject
Project("{FAE04EC0-301F-11D3-BF4B-00C04F79EFBC}") = "Assembly-CSharp-Editor", "Assembly-CSharp-Editor.csproj", "{B174B89A-9DC1-DE18-A9EF-98CC4694F806}"
EndProject
Project("{FAE04EC0-301F-11D3-BF4B-00C04F79EFBC}") = "Oculus.VR.Scripts.Editor", "Oculus.VR.Scripts.Editor.csproj", "{57D42A3F-BF82-50FA-E2E4-E36B2C92BCC3}"
EndProject
Project("{FAE04EC0-301F-11D3-BF4B-00C04F79EFBC}") = "Oculus.VR.Editor", "Oculus.VR.Editor.csproj", "{8BBDE751-B4B4-B6B8-9773-F94A65C43EA1}"
EndProject
Global
	GlobalSection(SolutionConfigurationPlatforms) = preSolution
		Debug|Any CPU = Debug|Any CPU
		Release|Any CPU = Release|Any CPU
	EndGlobalSection
	GlobalSection(ProjectConfigurationPlatforms) = postSolution
		{0825E03C-C3B9-EE16-62B2-28B1BBEDDBAA}.Debug|Any CPU.ActiveCfg = Debug|Any CPU
		{0825E03C-C3B9-EE16-62B2-28B1BBEDDBAA}.Debug|Any CPU.Build.0 = Debug|Any CPU
		{0825E03C-C3B9-EE16-62B2-28B1BBEDDBAA}.Release|Any CPU.ActiveCfg = Release|Any CPU
		{0825E03C-C3B9-EE16-62B2-28B1BBEDDBAA}.Release|Any CPU.Build.0 = Release|Any CPU
		{A5527C47-87CC-A767-FE4D-91B18BDDC5C6}.Debug|Any CPU.ActiveCfg = Debug|Any CPU
		{A5527C47-87CC-A767-FE4D-91B18BDDC5C6}.Debug|Any CPU.Build.0 = Debug|Any CPU
		{A5527C47-87CC-A767-FE4D-91B18BDDC5C6}.Release|Any CPU.ActiveCfg = Release|Any CPU
		{A5527C47-87CC-A767-FE4D-91B18BDDC5C6}.Release|Any CPU.Build.0 = Release|Any CPU
		{B174B89A-9DC1-DE18-A9EF-98CC4694F806}.Debug|Any CPU.ActiveCfg = Debug|Any CPU
		{B174B89A-9DC1-DE18-A9EF-98CC4694F806}.Debug|Any CPU.Build.0 = Debug|Any CPU
		{B174B89A-9DC1-DE18-A9EF-98CC4694F806}.Release|Any CPU.ActiveCfg = Release|Any CPU
		{B174B89A-9DC1-DE18-A9EF-98CC4694F806}.Release|Any CPU.Build.0 = Release|Any CPU
		{57D42A3F-BF82-50FA-E2E4-E36B2C92BCC3}.Debug|Any CPU.ActiveCfg = Debug|Any CPU
		{57D42A3F-BF82-50FA-E2E4-E36B2C92BCC3}.Debug|Any CPU.Build.0 = Debug|Any CPU
		{57D42A3F-BF82-50FA-E2E4-E36B2C92BCC3}.Release|Any CPU.ActiveCfg = Release|Any CPU
		{57D42A3F-BF82-50FA-E2E4-E36B2C92BCC3}.Release|Any CPU.Build.0 = Release|Any CPU
		{8BBDE751-B4B4-B6B8-9773-F94A65C43EA1}.Debug|Any CPU.ActiveCfg = Debug|Any CPU
		{8BBDE751-B4B4-B6B8-9773-F94A65C43EA1}.Debug|Any CPU.Build.0 = Debug|Any CPU
		{8BBDE751-B4B4-B6B8-9773-F94A65C43EA1}.Release|Any CPU.ActiveCfg = Release|Any CPU
		{8BBDE751-B4B4-B6B8-9773-F94A65C43EA1}.Release|Any CPU.Build.0 = Release|Any CPU
	EndGlobalSection
	GlobalSection(SolutionProperties) = preSolution
		HideSolutionNode = FALSE
	EndGlobalSection
	GlobalSection(MonoDevelopProperties) = preSolution
		StartupItem = Assembly-CSharp.csproj
	EndGlobalSection
EndGlobal
